
Microsoft Visual Studio Solution File, Format Version 12.00
# Visual Studio Version 17
VisualStudioVersion = 17.6.33815.320
MinimumVisualStudioVersion = 10.0.40219.1
Project("{FAE04EC0-301F-11D3-BF4B-00C04F79EFBC}") = "WhatsAppBot", "WhatsAppBot\WhatsAppBot.csproj", "{3C3DEDEE-B2A4-4AA2-85E1-5CD1B7E93CA2}"
EndProject
Global
	GlobalSection(SolutionConfigurationPlatforms) = preSolution
		Debug|Any CPU = Debug|Any CPU
		Release|Any CPU = Release|Any CPU
	EndGlobalSection
	GlobalSection(ProjectConfigurationPlatforms) = postSolution
		{3C3DEDEE-B2A4-4AA2-85E1-5CD1B7E93CA2}.Debug|Any CPU.ActiveCfg = Debug|Any CPU
		{3C3DEDEE-B2A4-4AA2-85E1-5CD1B7E93CA2}.Debug|Any CPU.Build.0 = Debug|Any CPU
		{3C3DEDEE-B2A4-4AA2-85E1-5CD1B7E93CA2}.Release|Any CPU.ActiveCfg = Release|Any CPU
		{3C3DEDEE-B2A4-4AA2-85E1-5CD1B7E93CA2}.Release|Any CPU.Build.0 = Release|Any CPU
	EndGlobalSection
	GlobalSection(SolutionProperties) = preSolution
		HideSolutionNode = FALSE
	EndGlobalSection
	GlobalSection(ExtensibilityGlobals) = postSolution
		SolutionGuid = {0595B87F-2C10-4B00-B2ED-033FBE5C270B}
	EndGlobalSection
EndGlobal
